
Microsoft Visual Studio Solution File, Format Version 12.00
# Visual Studio 2012
Project("{FAE04EC0-301F-11D3-BF4B-00C04F79EFBC}") = "WhatsApiNet-SyncUtil", "WhatsApiNet-SyncUtil\WhatsApiNet-SyncUtil.csproj", "{EC6E98A1-22ED-4F68-BDD9-BED0228E95AF}"
EndProject
Global
	GlobalSection(SolutionConfigurationPlatforms) = preSolution
		Debug|Any CPU = Debug|Any CPU
		Release|Any CPU = Release|Any CPU
	EndGlobalSection
	GlobalSection(ProjectConfigurationPlatforms) = postSolution
		{EC6E98A1-22ED-4F68-BDD9-BED0228E95AF}.Debug|Any CPU.ActiveCfg = Debug|Any CPU
		{EC6E98A1-22ED-4F68-BDD9-BED0228E95AF}.Debug|Any CPU.Build.0 = Debug|Any CPU
		{EC6E98A1-22ED-4F68-BDD9-BED0228E95AF}.Release|Any CPU.ActiveCfg = Release|Any CPU
		{EC6E98A1-22ED-4F68-BDD9-BED0228E95AF}.Release|Any CPU.Build.0 = Release|Any CPU
	EndGlobalSection
	GlobalSection(SolutionProperties) = preSolution
		HideSolutionNode = FALSE
	EndGlobalSection
EndGlobal
